
Microsoft Visual Studio Solution File, Format Version 12.00
# Visual Studio Version 17
VisualStudioVersion = 17.5.002.0
MinimumVisualStudioVersion = 10.0.40219.1
Project("{9A19103F-16F7-4668-BE54-9A1E7A4F7556}") = "FactoryShapes", "FactoryShapes.csproj", "{4CCB3AC1-3E25-4184-B27E-5C7BF4DFD776}"
EndProject
Global
	GlobalSection(SolutionConfigurationPlatforms) = preSolution
		Debug|Any CPU = Debug|Any CPU
		Release|Any CPU = Release|Any CPU
	EndGlobalSection
	GlobalSection(ProjectConfigurationPlatforms) = postSolution
		{4CCB3AC1-3E25-4184-B27E-5C7BF4DFD776}.Debug|Any CPU.ActiveCfg = Debug|Any CPU
		{4CCB3AC1-3E25-4184-B27E-5C7BF4DFD776}.Debug|Any CPU.Build.0 = Debug|Any CPU
		{4CCB3AC1-3E25-4184-B27E-5C7BF4DFD776}.Release|Any CPU.ActiveCfg = Release|Any CPU
		{4CCB3AC1-3E25-4184-B27E-5C7BF4DFD776}.Release|Any CPU.Build.0 = Release|Any CPU
	EndGlobalSection
	GlobalSection(SolutionProperties) = preSolution
		HideSolutionNode = FALSE
	EndGlobalSection
	GlobalSection(ExtensibilityGlobals) = postSolution
		SolutionGuid = {CFFC6BD9-BDE5-4F89-A8B6-76CFEAD04325}
	EndGlobalSection
EndGlobal
